<?xml version="1.0" encoding="utf-8"?>
<Project ToolsVersion="4.0" xmlns="http://schemas.microsoft.com/developer/msbuild/2003">
  <ItemGroup>
    <Filter Include="Source Files">
      <UniqueIdentifier>{4FC737F1-C7A5-4376-A066-2A32D752A2FF}</UniqueIdentifier>
      <Extensions>cpp;c;cxx;def;odl;idl;hpj;bat;asm;asmx</Extensions>
    </Filter>
    <Filter Include="Source Files\datatypes">
      <UniqueIdentifier>{1a8c5cd0-0f36-4749-a654-cbe555bc49b1}</UniqueIdentifier>
    </Filter>
    <Filter Include="Source Files\low-level">
      <UniqueIdentifier>{8527ab3b-dd68-4a9e-9ddf-e040fe90d5e1}</UniqueIdentifier>
    </Filter>
    <Filter Include="Source Files\low-level\imap">
      <UniqueIdentifier>{2c18cb3a-b39f-4d87-a3be-8cb91df43161}</UniqueIdentifier>
    </Filter>
    <Filter Include="Source Files\low-level\pop3">
      <UniqueIdentifier>{7a525885-4be1-494d-bb60-53308c03d4eb}</UniqueIdentifier>
    </Filter>
    <Filter Include="Source Files\low-level\mime">
      <UniqueIdentifier>{48d4f9dd-1a13-4ad8-afb6-055dd729610e}</UniqueIdentifier>
    </Filter>
    <Filter Include="Source Files\low-level\imf">
      <UniqueIdentifier>{c8f06f53-9fb5-43ad-b5b8-60dd28faebe1}</UniqueIdentifier>
    </Filter>
    <Filter Include="Source Files\low-level\maildir">
      <UniqueIdentifier>{744e5a44-1407-46a7-901a-b70734632f45}</UniqueIdentifier>
    </Filter>
    <Filter Include="Source Files\low-level\mbox">
      <UniqueIdentifier>{8fa395cc-d626-4f11-a9b0-42395029f0c2}</UniqueIdentifier>
    </Filter>
    <Filter Include="Source Files\low-level\mh">
      <UniqueIdentifier>{55439d4a-22f0-4e57-91a3-07467c4cf85a}</UniqueIdentifier>
    </Filter>
    <Filter Include="Source Files\low-level\nntp">
      <UniqueIdentifier>{9a944c93-f90e-4039-8d9a-eca5532f44b4}</UniqueIdentifier>
    </Filter>
    <Filter Include="Source Files\low-level\smtp">
      <UniqueIdentifier>{8d42d8de-a8e6-45a9-ab4f-e7c2d802df82}</UniqueIdentifier>
    </Filter>
    <Filter Include="Source Files\low-level\feed">
      <UniqueIdentifier>{6724b47f-f148-42e2-a23d-3e4138f05eb6}</UniqueIdentifier>
    </Filter>
    <Filter Include="Source Files\driver">
      <UniqueIdentifier>{83933b76-b599-4b44-a046-e0339ecc1b70}</UniqueIdentifier>
    </Filter>
    <Filter Include="Source Files\driver\interface">
      <UniqueIdentifier>{c64a9e97-b090-442d-af99-d6244513542c}</UniqueIdentifier>
    </Filter>
    <Filter Include="Source Files\driver\implementation">
      <UniqueIdentifier>{67b3b94a-d226-41ab-987e-fc2842db45ee}</UniqueIdentifier>
    </Filter>
    <Filter Include="Source Files\driver\implementation\data-message">
      <UniqueIdentifier>{bf654059-00c3-4646-8e2e-189a392dbcb4}</UniqueIdentifier>
    </Filter>
    <Filter Include="Source Files\driver\implementation\hotmail">
      <UniqueIdentifier>{622b19b2-8e86-4015-b4aa-426ed6197470}</UniqueIdentifier>
    </Filter>
    <Filter Include="Source Files\driver\implementation\imap">
      <UniqueIdentifier>{72f1caa0-525a-413e-8502-a1fd64f68489}</UniqueIdentifier>
    </Filter>
    <Filter Include="Source Files\driver\implementation\maildir">
      <UniqueIdentifier>{4a3155c3-aade-45f5-8321-0cbfcbe46113}</UniqueIdentifier>
    </Filter>
    <Filter Include="Source Files\driver\implementation\mbox">
      <UniqueIdentifier>{38c89a66-8636-47f4-838c-cbf54b9cf131}</UniqueIdentifier>
    </Filter>
    <Filter Include="Source Files\driver\implementation\mh">
      <UniqueIdentifier>{768a41a5-b0a6-49f5-a6fe-6ecf56cc8efe}</UniqueIdentifier>
    </Filter>
    <Filter Include="Source Files\driver\implementation\mime-message">
      <UniqueIdentifier>{5bc20bd8-bffb-4b21-9fec-c1eaec1235d2}</UniqueIdentifier>
    </Filter>
    <Filter Include="Source Files\driver\implementation\nntp">
      <UniqueIdentifier>{122dbb3b-af17-4af5-8f1d-f09a5d769e53}</UniqueIdentifier>
    </Filter>
    <Filter Include="Source Files\driver\implementation\pop3">
      <UniqueIdentifier>{bd8dcc37-cde7-4084-aa8a-dc784fe1d944}</UniqueIdentifier>
    </Filter>
    <Filter Include="Source Files\driver\implementation\feed">
      <UniqueIdentifier>{caff08d3-cd89-49fd-8702-9a2ecec81b96}</UniqueIdentifier>
    </Filter>
    <Filter Include="Source Files\driver\tools">
      <UniqueIdentifier>{b15bf3ad-da18-45b9-888f-867ad26afd45}</UniqueIdentifier>
    </Filter>
    <Filter Include="Source Files\Windows">
      <UniqueIdentifier>{fb6ccd16-2d8f-4287-80d3-beb1384c1925}</UniqueIdentifier>
    </Filter>
    <Filter Include="Header Files">
      <UniqueIdentifier>{93995380-89BD-4b04-88EB-625FBE52EBFB}</UniqueIdentifier>
      <Extensions>h;hpp;hxx;hm;inl;inc;xsd</Extensions>
    </Filter>
    <Filter Include="Resource Files">
      <UniqueIdentifier>{67DA6AB6-F800-4c08-8B7A-83BB121AAD01}</UniqueIdentifier>
      <Extensions>rc;ico;cur;bmp;dlg;rc2;rct;bin;rgs;gif;jpg;jpeg;jpe;resx</Extensions>
    </Filter>
  </ItemGroup>
  <ItemGroup>
    <ClCompile Include="..\..\src\data-types\base64.c">
      <Filter>Source Files\datatypes</Filter>
    </ClCompile>
    <ClCompile Include="..\..\src\data-types\carray.c">
      <Filter>Source Files\datatypes</Filter>
    </ClCompile>
    <ClCompile Include="..\..\src\data-types\charconv.c">
      <Filter>Source Files\datatypes</Filter>
    </ClCompile>
    <ClCompile Include="..\..\src\data-types\chash.c">
      <Filter>Source Files\datatypes</Filter>
    </ClCompile>
    <ClCompile Include="..\..\src\data-types\clist.c">
      <Filter>Source Files\datatypes</Filter>
    </ClCompile>
    <ClCompile Include="..\..\src\data-types\connect.c">
      <Filter>Source Files\datatypes</Filter>
    </ClCompile>
    <ClCompile Include="..\..\src\data-types\mail_cache_db.c">
      <Filter>Source Files\datatypes</Filter>
    </ClCompile>
    <ClCompile Include="..\..\src\data-types\maillock.c">
      <Filter>Source Files\datatypes</Filter>
    </ClCompile>
    <ClCompile Include="..\..\src\data-types\mailsasl.c">
      <Filter>Source Files\datatypes</Filter>
    </ClCompile>
    <ClCompile Include="..\..\src\data-types\mailstream.c">
      <Filter>Source Files\datatypes</Filter>
    </ClCompile>
    <ClCompile Include="..\..\src\data-types\mailstream_cancel.c">
      <Filter>Source Files\datatypes</Filter>
    </ClCompile>
    <ClCompile Include="..\..\src\data-types\mailstream_cfstream.c">
      <Filter>Source Files\datatypes</Filter>
    </ClCompile>
    <ClCompile Include="..\..\src\data-types\mailstream_compress.c">
      <Filter>Source Files\datatypes</Filter>
    </ClCompile>
    <ClCompile Include="..\..\src\data-types\mailstream_helper.c">
      <Filter>Source Files\datatypes</Filter>
    </ClCompile>
    <ClCompile Include="..\..\src\data-types\mailstream_low.c">
      <Filter>Source Files\datatypes</Filter>
    </ClCompile>
    <ClCompile Include="..\..\src\data-types\mailstream_socket.c">
      <Filter>Source Files\datatypes</Filter>
    </ClCompile>
    <ClCompile Include="..\..\src\data-types\mailstream_ssl.c">
      <Filter>Source Files\datatypes</Filter>
    </ClCompile>
    <ClCompile Include="..\..\src\data-types\md5.c">
      <Filter>Source Files\datatypes</Filter>
    </ClCompile>
    <ClCompile Include="..\..\src\data-types\mmapstring.c">
      <Filter>Source Files\datatypes</Filter>
    </ClCompile>
    <ClCompile Include="..\..\src\data-types\timeutils.c">
      <Filter>Source Files\datatypes</Filter>
    </ClCompile>
    <ClCompile Include="..\..\src\low-level\imap\acl.c">
      <Filter>Source Files\low-level\imap</Filter>
    </ClCompile>
    <ClCompile Include="..\..\src\low-level\imap\acl_parser.c">
      <Filter>Source Files\low-level\imap</Filter>
    </ClCompile>
    <ClCompile Include="..\..\src\low-level\imap\acl_sender.c">
      <Filter>Source Files\low-level\imap</Filter>
    </ClCompile>
    <ClCompile Include="..\..\src\low-level\imap\acl_types.c">
      <Filter>Source Files\low-level\imap</Filter>
    </ClCompile>
    <ClCompile Include="..\..\src\low-level\imap\annotatemore.c">
      <Filter>Source Files\low-level\imap</Filter>
    </ClCompile>
    <ClCompile Include="..\..\src\low-level\imap\annotatemore_parser.c">
      <Filter>Source Files\low-level\imap</Filter>
    </ClCompile>
    <ClCompile Include="..\..\src\low-level\imap\annotatemore_sender.c">
      <Filter>Source Files\low-level\imap</Filter>
    </ClCompile>
    <ClCompile Include="..\..\src\low-level\imap\annotatemore_types.c">
      <Filter>Source Files\low-level\imap</Filter>
    </ClCompile>
    <ClCompile Include="..\..\src\low-level\imap\condstore.c">
      <Filter>Source Files\low-level\imap</Filter>
    </ClCompile>
    <ClCompile Include="..\..\src\low-level\imap\condstore_types.c">
      <Filter>Source Files\low-level\imap</Filter>
    </ClCompile>
    <ClCompile Include="..\..\src\low-level\imap\enable.c">
      <Filter>Source Files\low-level\imap</Filter>
    </ClCompile>
    <ClCompile Include="..\..\src\low-level\imap\idle.c">
      <Filter>Source Files\low-level\imap</Filter>
    </ClCompile>
    <ClCompile Include="..\..\src\low-level\imap\mailimap.c">
      <Filter>Source Files\low-level\imap</Filter>
    </ClCompile>
    <ClCompile Include="..\..\src\low-level\imap\mailimap_compress.c">
      <Filter>Source Files\low-level\imap</Filter>
    </ClCompile>
    <ClCompile Include="..\..\src\low-level\imap\mailimap_extension.c">
      <Filter>Source Files\low-level\imap</Filter>
    </ClCompile>
    <ClCompile Include="..\..\src\low-level\imap\mailimap_helper.c">
      <Filter>Source Files\low-level\imap</Filter>
    </ClCompile>
    <ClCompile Include="..\..\src\low-level\imap\mailimap_id.c">
      <Filter>Source Files\low-level\imap</Filter>
    </ClCompile>
    <ClCompile Include="..\..\src\low-level\imap\mailimap_id_parser.c">
      <Filter>Source Files\low-level\imap</Filter>
    </ClCompile>
    <ClCompile Include="..\..\src\low-level\imap\mailimap_id_sender.c">
      <Filter>Source Files\low-level\imap</Filter>
    </ClCompile>
    <ClCompile Include="..\..\src\low-level\imap\mailimap_id_types.c">
      <Filter>Source Files\low-level\imap</Filter>
    </ClCompile>
    <ClCompile Include="..\..\src\low-level\imap\mailimap_keywords.c">
      <Filter>Source Files\low-level\imap</Filter>
    </ClCompile>
    <ClCompile Include="..\..\src\low-level\imap\mailimap_parser.c">
      <Filter>Source Files\low-level\imap</Filter>
    </ClCompile>
    <ClCompile Include="..\..\src\low-level\imap\mailimap_print.c">
      <Filter>Source Files\low-level\imap</Filter>
    </ClCompile>
    <ClCompile Include="..\..\src\low-level\imap\mailimap_sender.c">
      <Filter>Source Files\low-level\imap</Filter>
    </ClCompile>
    <ClCompile Include="..\..\src\low-level\imap\mailimap_socket.c">
      <Filter>Source Files\low-level\imap</Filter>
    </ClCompile>
    <ClCompile Include="..\..\src\low-level\imap\mailimap_sort.c">
      <Filter>Source Files\low-level\imap</Filter>
    </ClCompile>
    <ClCompile Include="..\..\src\low-level\imap\mailimap_sort_types.c">
      <Filter>Source Files\low-level\imap</Filter>
    </ClCompile>
    <ClCompile Include="..\..\src\low-level\imap\mailimap_ssl.c">
      <Filter>Source Files\low-level\imap</Filter>
    </ClCompile>
    <ClCompile Include="..\..\src\low-level\imap\mailimap_types.c">
      <Filter>Source Files\low-level\imap</Filter>
    </ClCompile>
    <ClCompile Include="..\..\src\low-level\imap\mailimap_types_helper.c">
      <Filter>Source Files\low-level\imap</Filter>
    </ClCompile>
    <ClCompile Include="..\..\src\low-level\imap\namespace.c">
      <Filter>Source Files\low-level\imap</Filter>
    </ClCompile>
    <ClCompile Include="..\..\src\low-level\imap\namespace_parser.c">
      <Filter>Source Files\low-level\imap</Filter>
    </ClCompile>
    <ClCompile Include="..\..\src\low-level\imap\namespace_sender.c">
      <Filter>Source Files\low-level\imap</Filter>
    </ClCompile>
    <ClCompile Include="..\..\src\low-level\imap\namespace_types.c">
      <Filter>Source Files\low-level\imap</Filter>
    </ClCompile>
    <ClCompile Include="..\..\src\low-level\imap\qresync.c">
      <Filter>Source Files\low-level\imap</Filter>
    </ClCompile>
    <ClCompile Include="..\..\src\low-level\imap\qresync_types.c">
      <Filter>Source Files\low-level\imap</Filter>
    </ClCompile>
    <ClCompile Include="..\..\src\low-level\imap\quota.c">
      <Filter>Source Files\low-level\imap</Filter>
    </ClCompile>
    <ClCompile Include="..\..\src\low-level\imap\quota_parser.c">
      <Filter>Source Files\low-level\imap</Filter>
    </ClCompile>
    <ClCompile Include="..\..\src\low-level\imap\quota_sender.c">
      <Filter>Source Files\low-level\imap</Filter>
    </ClCompile>
    <ClCompile Include="..\..\src\low-level\imap\quota_types.c">
      <Filter>Source Files\low-level\imap</Filter>
    </ClCompile>
    <ClCompile Include="..\..\src\low-level\imap\uidplus.c">
      <Filter>Source Files\low-level\imap</Filter>
    </ClCompile>
    <ClCompile Include="..\..\src\low-level\imap\uidplus_parser.c">
      <Filter>Source Files\low-level\imap</Filter>
    </ClCompile>
    <ClCompile Include="..\..\src\low-level\imap\uidplus_sender.c">
      <Filter>Source Files\low-level\imap</Filter>
    </ClCompile>
    <ClCompile Include="..\..\src\low-level\imap\uidplus_types.c">
      <Filter>Source Files\low-level\imap</Filter>
    </ClCompile>
    <ClCompile Include="..\..\src\low-level\imap\xgmlabels.c">
      <Filter>Source Files\low-level\imap</Filter>
    </ClCompile>
    <ClCompile Include="..\..\src\low-level\imap\xgmmsgid.c">
      <Filter>Source Files\low-level\imap</Filter>
    </ClCompile>
    <ClCompile Include="..\..\src\low-level\imap\xgmthrid.c">
      <Filter>Source Files\low-level\imap</Filter>
    </ClCompile>
    <ClCompile Include="..\..\src\low-level\imap\xlist.c">
      <Filter>Source Files\low-level\imap</Filter>
    </ClCompile>
    <ClCompile Include="..\..\src\low-level\pop3\mailpop3.c">
      <Filter>Source Files\low-level\pop3</Filter>
    </ClCompile>
    <ClCompile Include="..\..\src\low-level\pop3\mailpop3_helper.c">
      <Filter>Source Files\low-level\pop3</Filter>
    </ClCompile>
    <ClCompile Include="..\..\src\low-level\pop3\mailpop3_socket.c">
      <Filter>Source Files\low-level\pop3</Filter>
    </ClCompile>
    <ClCompile Include="..\..\src\low-level\pop3\mailpop3_ssl.c">
      <Filter>Source Files\low-level\pop3</Filter>
    </ClCompile>
    <ClCompile Include="..\..\src\low-level\mime\mailmime.c">
      <Filter>Source Files\low-level\mime</Filter>
    </ClCompile>
    <ClCompile Include="..\..\src\low-level\mime\mailmime_content.c">
      <Filter>Source Files\low-level\mime</Filter>
    </ClCompile>
    <ClCompile Include="..\..\src\low-level\mime\mailmime_decode.c">
      <Filter>Source Files\low-level\mime</Filter>
    </ClCompile>
    <ClCompile Include="..\..\src\low-level\mime\mailmime_disposition.c">
      <Filter>Source Files\low-level\mime</Filter>
    </ClCompile>
    <ClCompile Include="..\..\src\low-level\mime\mailmime_types.c">
      <Filter>Source Files\low-level\mime</Filter>
    </ClCompile>
    <ClCompile Include="..\..\src\low-level\mime\mailmime_types_helper.c">
      <Filter>Source Files\low-level\mime</Filter>
    </ClCompile>
    <ClCompile Include="..\..\src\low-level\mime\mailmime_write_file.c">
      <Filter>Source Files\low-level\mime</Filter>
    </ClCompile>
    <ClCompile Include="..\..\src\low-level\mime\mailmime_write_generic.c">
      <Filter>Source Files\low-level\mime</Filter>
    </ClCompile>
    <ClCompile Include="..\..\src\low-level\mime\mailmime_write_mem.c">
      <Filter>Source Files\low-level\mime</Filter>
    </ClCompile>
    <ClCompile Include="..\..\src\low-level\imf\mailimf.c">
      <Filter>Source Files\low-level\imf</Filter>
    </ClCompile>
    <ClCompile Include="..\..\src\low-level\imf\mailimf_types.c">
      <Filter>Source Files\low-level\imf</Filter>
    </ClCompile>
    <ClCompile Include="..\..\src\low-level\imf\mailimf_types_helper.c">
      <Filter>Source Files\low-level\imf</Filter>
    </ClCompile>
    <ClCompile Include="..\..\src\low-level\imf\mailimf_write_file.c">
      <Filter>Source Files\low-level\imf</Filter>
    </ClCompile>
    <ClCompile Include="..\..\src\low-level\imf\mailimf_write_generic.c">
      <Filter>Source Files\low-level\imf</Filter>
    </ClCompile>
    <ClCompile Include="..\..\src\low-level\imf\mailimf_write_mem.c">
      <Filter>Source Files\low-level\imf</Filter>
    </ClCompile>
    <ClCompile Include="..\..\src\low-level\maildir\maildir.c">
      <Filter>Source Files\low-level\maildir</Filter>
    </ClCompile>
    <ClCompile Include="..\..\src\low-level\mbox\mailmbox.c">
      <Filter>Source Files\low-level\mbox</Filter>
    </ClCompile>
    <ClCompile Include="..\..\src\low-level\mbox\mailmbox_parse.c">
      <Filter>Source Files\low-level\mbox</Filter>
    </ClCompile>
    <ClCompile Include="..\..\src\low-level\mbox\mailmbox_types.c">
      <Filter>Source Files\low-level\mbox</Filter>
    </ClCompile>
    <ClCompile Include="..\..\src\low-level\mh\mailmh.c">
      <Filter>Source Files\low-level\mh</Filter>
    </ClCompile>
    <ClCompile Include="..\..\src\low-level\nntp\newsnntp.c">
      <Filter>Source Files\low-level\nntp</Filter>
    </ClCompile>
    <ClCompile Include="..\..\src\low-level\nntp\newsnntp_socket.c">
      <Filter>Source Files\low-level\nntp</Filter>
    </ClCompile>
    <ClCompile Include="..\..\src\low-level\nntp\newsnntp_ssl.c">
      <Filter>Source Files\low-level\nntp</Filter>
    </ClCompile>
    <ClCompile Include="..\..\src\low-level\smtp\mailsmtp.c">
      <Filter>Source Files\low-level\smtp</Filter>
    </ClCompile>
    <ClCompile Include="..\..\src\low-level\smtp\mailsmtp_helper.c">
      <Filter>Source Files\low-level\smtp</Filter>
    </ClCompile>
    <ClCompile Include="..\..\src\low-level\smtp\mailsmtp_socket.c">
      <Filter>Source Files\low-level\smtp</Filter>
    </ClCompile>
    <ClCompile Include="..\..\src\low-level\smtp\mailsmtp_ssl.c">
      <Filter>Source Files\low-level\smtp</Filter>
    </ClCompile>
    <ClCompile Include="..\..\src\low-level\feed\date.c">
      <Filter>Source Files\low-level\feed</Filter>
    </ClCompile>
    <ClCompile Include="..\..\src\low-level\feed\newsfeed.c">
      <Filter>Source Files\low-level\feed</Filter>
    </ClCompile>
    <ClCompile Include="..\..\src\low-level\feed\newsfeed_item.c">
      <Filter>Source Files\low-level\feed</Filter>
    </ClCompile>
    <ClCompile Include="..\..\src\low-level\feed\newsfeed_item_enclosure.c">
      <Filter>Source Files\low-level\feed</Filter>
    </ClCompile>
    <ClCompile Include="..\..\src\low-level\feed\newsfeed_private.c">
      <Filter>Source Files\low-level\feed</Filter>
    </ClCompile>
    <ClCompile Include="..\..\src\low-level\feed\parser.c">
      <Filter>Source Files\low-level\feed</Filter>
    </ClCompile>
    <ClCompile Include="..\..\src\low-level\feed\parser_atom03.c">
      <Filter>Source Files\low-level\feed</Filter>
    </ClCompile>
    <ClCompile Include="..\..\src\low-level\feed\parser_atom10.c">
      <Filter>Source Files\low-level\feed</Filter>
    </ClCompile>
    <ClCompile Include="..\..\src\low-level\feed\parser_rdf.c">
      <Filter>Source Files\low-level\feed</Filter>
    </ClCompile>
    <ClCompile Include="..\..\src\low-level\feed\parser_rss20.c">
      <Filter>Source Files\low-level\feed</Filter>
    </ClCompile>
    <ClCompile Include="..\..\src\driver\interface\maildriver.c">
      <Filter>Source Files\driver\interface</Filter>
    </ClCompile>
    <ClCompile Include="..\..\src\driver\interface\maildriver_tools.c">
      <Filter>Source Files\driver\interface</Filter>
    </ClCompile>
    <ClCompile Include="..\..\src\driver\interface\maildriver_types.c">
      <Filter>Source Files\driver\interface</Filter>
    </ClCompile>
    <ClCompile Include="..\..\src\driver\interface\maildriver_types_helper.c">
      <Filter>Source Files\driver\interface</Filter>
    </ClCompile>
    <ClCompile Include="..\..\src\driver\interface\mailfolder.c">
      <Filter>Source Files\driver\interface</Filter>
    </ClCompile>
    <ClCompile Include="..\..\src\driver\interface\mailmessage.c">
      <Filter>Source Files\driver\interface</Filter>
    </ClCompile>
    <ClCompile Include="..\..\src\driver\interface\mailmessage_tools.c">
      <Filter>Source Files\driver\interface</Filter>
    </ClCompile>
    <ClCompile Include="..\..\src\driver\interface\mailmessage_types.c">
      <Filter>Source Files\driver\interface</Filter>
    </ClCompile>
    <ClCompile Include="..\..\src\driver\interface\mailstorage.c">
      <Filter>Source Files\driver\interface</Filter>
    </ClCompile>
    <ClCompile Include="..\..\src\driver\interface\mailstorage_tools.c">
      <Filter>Source Files\driver\interface</Filter>
    </ClCompile>
    <ClCompile Include="..\..\src\driver\implementation\data-message\data_message_driver.c">
      <Filter>Source Files\driver\implementation\data-message</Filter>
    </ClCompile>
    <ClCompile Include="..\..\src\driver\implementation\hotmail\hotmailstorage.c">
      <Filter>Source Files\driver\implementation\hotmail</Filter>
    </ClCompile>
    <ClCompile Include="..\..\src\driver\implementation\imap\imapdriver.c">
      <Filter>Source Files\driver\implementation\imap</Filter>
    </ClCompile>
    <ClCompile Include="..\..\src\driver\implementation\imap\imapdriver_cached.c">
      <Filter>Source Files\driver\implementation\imap</Filter>
    </ClCompile>
    <ClCompile Include="..\..\src\driver\implementation\imap\imapdriver_cached_message.c">
      <Filter>Source Files\driver\implementation\imap</Filter>
    </ClCompile>
    <ClCompile Include="..\..\src\driver\implementation\imap\imapdriver_message.c">
      <Filter>Source Files\driver\implementation\imap</Filter>
    </ClCompile>
    <ClCompile Include="..\..\src\driver\implementation\imap\imapdriver_tools.c">
      <Filter>Source Files\driver\implementation\imap</Filter>
    </ClCompile>
    <ClCompile Include="..\..\src\driver\implementation\imap\imapstorage.c">
      <Filter>Source Files\driver\implementation\imap</Filter>
    </ClCompile>
    <ClCompile Include="..\..\src\driver\implementation\maildir\maildirdriver.c">
      <Filter>Source Files\driver\implementation\maildir</Filter>
    </ClCompile>
    <ClCompile Include="..\..\src\driver\implementation\maildir\maildirdriver_cached.c">
      <Filter>Source Files\driver\implementation\maildir</Filter>
    </ClCompile>
    <ClCompile Include="..\..\src\driver\implementation\maildir\maildirdriver_cached_message.c">
      <Filter>Source Files\driver\implementation\maildir</Filter>
    </ClCompile>
    <ClCompile Include="..\..\src\driver\implementation\maildir\maildirdriver_message.c">
      <Filter>Source Files\driver\implementation\maildir</Filter>
    </ClCompile>
    <ClCompile Include="..\..\src\driver\implementation\maildir\maildirdriver_tools.c">
      <Filter>Source Files\driver\implementation\maildir</Filter>
    </ClCompile>
    <ClCompile Include="..\..\src\driver\implementation\maildir\maildirstorage.c">
      <Filter>Source Files\driver\implementation\maildir</Filter>
    </ClCompile>
    <ClCompile Include="..\..\src\driver\implementation\mbox\mboxdriver.c">
      <Filter>Source Files\driver\implementation\mbox</Filter>
    </ClCompile>
    <ClCompile Include="..\..\src\driver\implementation\mbox\mboxdriver_cached.c">
      <Filter>Source Files\driver\implementation\mbox</Filter>
    </ClCompile>
    <ClCompile Include="..\..\src\driver\implementation\mbox\mboxdriver_cached_message.c">
      <Filter>Source Files\driver\implementation\mbox</Filter>
    </ClCompile>
    <ClCompile Include="..\..\src\driver\implementation\mbox\mboxdriver_message.c">
      <Filter>Source Files\driver\implementation\mbox</Filter>
    </ClCompile>
    <ClCompile Include="..\..\src\driver\implementation\mbox\mboxdriver_tools.c">
      <Filter>Source Files\driver\implementation\mbox</Filter>
    </ClCompile>
    <ClCompile Include="..\..\src\driver\implementation\mbox\mboxstorage.c">
      <Filter>Source Files\driver\implementation\mbox</Filter>
    </ClCompile>
    <ClCompile Include="..\..\src\driver\implementation\mh\mhdriver.c">
      <Filter>Source Files\driver\implementation\mh</Filter>
    </ClCompile>
    <ClCompile Include="..\..\src\driver\implementation\mh\mhdriver_cached.c">
      <Filter>Source Files\driver\implementation\mh</Filter>
    </ClCompile>
    <ClCompile Include="..\..\src\driver\implementation\mh\mhdriver_cached_message.c">
      <Filter>Source Files\driver\implementation\mh</Filter>
    </ClCompile>
    <ClCompile Include="..\..\src\driver\implementation\mh\mhdriver_message.c">
      <Filter>Source Files\driver\implementation\mh</Filter>
    </ClCompile>
    <ClCompile Include="..\..\src\driver\implementation\mh\mhdriver_tools.c">
      <Filter>Source Files\driver\implementation\mh</Filter>
    </ClCompile>
    <ClCompile Include="..\..\src\driver\implementation\mh\mhstorage.c">
      <Filter>Source Files\driver\implementation\mh</Filter>
    </ClCompile>
    <ClCompile Include="..\..\src\driver\implementation\mime-message\mime_message_driver.c">
      <Filter>Source Files\driver\implementation\mime-message</Filter>
    </ClCompile>
    <ClCompile Include="..\..\src\driver\implementation\nntp\nntpdriver.c">
      <Filter>Source Files\driver\implementation\nntp</Filter>
    </ClCompile>
    <ClCompile Include="..\..\src\driver\implementation\nntp\nntpdriver_cached.c">
      <Filter>Source Files\driver\implementation\nntp</Filter>
    </ClCompile>
    <ClCompile Include="..\..\src\driver\implementation\nntp\nntpdriver_cached_message.c">
      <Filter>Source Files\driver\implementation\nntp</Filter>
    </ClCompile>
    <ClCompile Include="..\..\src\driver\implementation\nntp\nntpdriver_message.c">
      <Filter>Source Files\driver\implementation\nntp</Filter>
    </ClCompile>
    <ClCompile Include="..\..\src\driver\implementation\nntp\nntpdriver_tools.c">
      <Filter>Source Files\driver\implementation\nntp</Filter>
    </ClCompile>
    <ClCompile Include="..\..\src\driver\implementation\nntp\nntpstorage.c">
      <Filter>Source Files\driver\implementation\nntp</Filter>
    </ClCompile>
    <ClCompile Include="..\..\src\driver\implementation\pop3\pop3driver.c">
      <Filter>Source Files\driver\implementation\pop3</Filter>
    </ClCompile>
    <ClCompile Include="..\..\src\driver\implementation\pop3\pop3driver_cached.c">
      <Filter>Source Files\driver\implementation\pop3</Filter>
    </ClCompile>
    <ClCompile Include="..\..\src\driver\implementation\pop3\pop3driver_cached_message.c">
      <Filter>Source Files\driver\implementation\pop3</Filter>
    </ClCompile>
    <ClCompile Include="..\..\src\driver\implementation\pop3\pop3driver_message.c">
      <Filter>Source Files\driver\implementation\pop3</Filter>
    </ClCompile>
    <ClCompile Include="..\..\src\driver\implementation\pop3\pop3driver_tools.c">
      <Filter>Source Files\driver\implementation\pop3</Filter>
    </ClCompile>
    <ClCompile Include="..\..\src\driver\implementation\pop3\pop3storage.c">
      <Filter>Source Files\driver\implementation\pop3</Filter>
    </ClCompile>
    <ClCompile Include="..\..\src\driver\implementation\feed\feeddriver.c">
      <Filter>Source Files\driver\implementation\feed</Filter>
    </ClCompile>
    <ClCompile Include="..\..\src\driver\implementation\feed\feeddriver_message.c">
      <Filter>Source Files\driver\implementation\feed</Filter>
    </ClCompile>
    <ClCompile Include="..\..\src\driver\implementation\feed\feedstorage.c">
      <Filter>Source Files\driver\implementation\feed</Filter>
    </ClCompile>
    <ClCompile Include="..\..\src\driver\tools\generic_cache.c">
      <Filter>Source Files\driver\tools</Filter>
    </ClCompile>
    <ClCompile Include="..\..\src\driver\tools\imfcache.c">
      <Filter>Source Files\driver\tools</Filter>
    </ClCompile>
    <ClCompile Include="..\..\src\driver\tools\mailthread.c">
      <Filter>Source Files\driver\tools</Filter>
    </ClCompile>
    <ClCompile Include="..\..\src\driver\tools\mailthread_types.c">
      <Filter>Source Files\driver\tools</Filter>
    </ClCompile>
    <ClCompile Include="..\..\src\windows\dirent.c">
      <Filter>Source Files\Windows</Filter>
    </ClCompile>
    <ClCompile Include="..\..\src\windows\inet_aton.c">
      <Filter>Source Files\Windows</Filter>
    </ClCompile>
    <ClCompile Include="..\..\src\windows\misc.c">
      <Filter>Source Files\Windows</Filter>
    </ClCompile>
    <ClCompile Include="..\..\src\windows\mmap.c">
      <Filter>Source Files\Windows</Filter>
    </ClCompile>
    <ClCompile Include="..\..\src\windows\time_r.c">
      <Filter>Source Files\Windows</Filter>
    </ClCompile>
    <ClCompile Include="..\..\src\windows\win_init.cpp">
      <Filter>Source Files\Windows</Filter>
    </ClCompile>
  </ItemGroup>
  <ItemGroup>
    <ClInclude Include="..\..\src\windows\win_etpan.h">
      <Filter>Source Files\Windows</Filter>
    </ClInclude>
    <ClInclude Include="..\libetpan-config.h">
      <Filter>Header Files</Filter>
    </ClInclude>
    <ClInclude Include="..\libetpan_version.h">
      <Filter>Header Files</Filter>
    </ClInclude>
    <ClInclude Include="..\StdAfx.h">
      <Filter>Header Files</Filter>
    </ClInclude>
  </ItemGroup>
  <ItemGroup>
    <CustomBuild Include="..\build_headers.list">
      <Filter>Source Files</Filter>
    </CustomBuild>
  </ItemGroup>
</Project>