<?xml version="1.0" encoding="utf-8"?>
<Project ToolsVersion="4.0" xmlns="http://schemas.microsoft.com/developer/msbuild/2003">
  <ItemGroup>
    <Filter Include="Source Files">
      <UniqueIdentifier>{4FC737F1-C7A5-4376-A066-2A32D752A2FF}</UniqueIdentifier>
      <Extensions>cpp;c;cc;cxx;def;odl;idl;hpj;bat;asm;asmx</Extensions>
    </Filter>
    <Filter Include="Header Files">
      <UniqueIdentifier>{93995380-89BD-4b04-88EB-625FBE52EBFB}</UniqueIdentifier>
      <Extensions>h;hpp;hxx;hm;inl;inc;xsd</Extensions>
    </Filter>
    <Filter Include="Resource Files">
      <UniqueIdentifier>{67DA6AB6-F800-4c08-8B7A-83BB121AAD01}</UniqueIdentifier>
      <Extensions>rc;ico;cur;bmp;dlg;rc2;rct;bin;rgs;gif;jpg;jpeg;jpe;resx;tiff;tif;png;wav;mfcribbon-ms</Extensions>
    </Filter>
  </ItemGroup>
  <ItemGroup>
    <None Include="ReadMe.txt" />
    <None Include="gonghi.wav">
      <Filter>Resource Files</Filter>
    </None>
    <None Include="hello.wav">
      <Filter>Resource Files</Filter>
    </None>
    <None Include="dingling.wav">
      <Filter>Resource Files</Filter>
    </None>
    <None Include="icon\PlayMailer.ico">
      <Filter>Resource Files</Filter>
    </None>
  </ItemGroup>
  <ItemGroup>
    <ClCompile Include="stdafx.cpp">
      <Filter>Source Files</Filter>
    </ClCompile>
    <ClCompile Include="data_structures.c">
      <Filter>Source Files</Filter>
    </ClCompile>
    <ClCompile Include="international.c">
      <Filter>Source Files</Filter>
    </ClCompile>
    <ClCompile Include="libconfig_helper.c">
      <Filter>Source Files</Filter>
    </ClCompile>
    <ClCompile Include="smtpsend.c">
      <Filter>Source Files</Filter>
    </ClCompile>
    <ClCompile Include="compose_msg.c">
      <Filter>Source Files</Filter>
    </ClCompile>
    <ClCompile Include="libetpan_helper.c">
      <Filter>Source Files</Filter>
    </ClCompile>
    <ClCompile Include="win_init.cpp">
      <Filter>Source Files</Filter>
    </ClCompile>
    <ClCompile Include="imap.c">
      <Filter>Source Files</Filter>
    </ClCompile>
    <ClCompile Include="pop3.c">
      <Filter>Source Files</Filter>
    </ClCompile>
    <ClCompile Include="load_msg.c">
      <Filter>Source Files</Filter>
    </ClCompile>
    <ClCompile Include="MinimizeToTray.cpp">
      <Filter>Source Files</Filter>
    </ClCompile>
    <ClCompile Include="PlayMailer.cpp">
      <Filter>Source Files</Filter>
    </ClCompile>
    <ClCompile Include="game_support.cpp">
      <Filter>Source Files</Filter>
    </ClCompile>
    <ClCompile Include="..\Game Plugins\game.cpp">
      <Filter>Source Files</Filter>
    </ClCompile>
  </ItemGroup>
  <ItemGroup>
    <ResourceCompile Include="PlayMailer.rc">
      <Filter>Resource Files</Filter>
    </ResourceCompile>
  </ItemGroup>
  <ItemGroup>
    <ClInclude Include="include\callback_assigns.h">
      <Filter>Header Files</Filter>
    </ClInclude>
    <ClInclude Include="include\callbacks.h">
      <Filter>Header Files</Filter>
    </ClInclude>
    <ClInclude Include="include\compose_msg.h">
      <Filter>Header Files</Filter>
    </ClInclude>
    <ClInclude Include="include\const.h">
      <Filter>Header Files</Filter>
    </ClInclude>
    <ClInclude Include="include\data_structures.h">
      <Filter>Header Files</Filter>
    </ClInclude>
    <ClInclude Include="include\game.h">
      <Filter>Header Files</Filter>
    </ClInclude>
    <ClInclude Include="include\game_support.h">
      <Filter>Header Files</Filter>
    </ClInclude>
    <ClInclude Include="include\international.h">
      <Filter>Header Files</Filter>
    </ClInclude>
    <ClInclude Include="include\libconfig_helper.h">
      <Filter>Header Files</Filter>
    </ClInclude>
    <ClInclude Include="include\libetpan_helper.h">
      <Filter>Header Files</Filter>
    </ClInclude>
    <ClInclude Include="include\load_msg.h">
      <Filter>Header Files</Filter>
    </ClInclude>
    <ClInclude Include="include\MinimizeToTray.h">
      <Filter>Header Files</Filter>
    </ClInclude>
    <ClInclude Include="include\PlayMailer.h">
      <Filter>Header Files</Filter>
    </ClInclude>
    <ClInclude Include="include\pop3.h">
      <Filter>Header Files</Filter>
    </ClInclude>
    <ClInclude Include="include\smtpsend.h">
      <Filter>Header Files</Filter>
    </ClInclude>
    <ClInclude Include="include\targetver.h">
      <Filter>Header Files</Filter>
    </ClInclude>
    <ClInclude Include="resource.h">
      <Filter>Header Files</Filter>
    </ClInclude>
    <ClInclude Include="include\imap.h">
      <Filter>Header Files</Filter>
    </ClInclude>
  </ItemGroup>
</Project>